
Microsoft Visual Studio Solution File, Format Version 12.00
# Visual Studio Version 17
VisualStudioVersion = 17.5.002.0
MinimumVisualStudioVersion = 10.0.40219.1
Project("{9A19103F-16F7-4668-BE54-9A1E7A4F7556}") = "WebConsole", "WebConsole.csproj", "{27EA1E48-12B6-4D09-B71D-12105CE24A62}"
EndProject
Global
	GlobalSection(SolutionConfigurationPlatforms) = preSolution
		Debug|Any CPU = Debug|Any CPU
		Release|Any CPU = Release|Any CPU
	EndGlobalSection
	GlobalSection(ProjectConfigurationPlatforms) = postSolution
		{27EA1E48-12B6-4D09-B71D-12105CE24A62}.Debug|Any CPU.ActiveCfg = Debug|Any CPU
		{27EA1E48-12B6-4D09-B71D-12105CE24A62}.Debug|Any CPU.Build.0 = Debug|Any CPU
		{27EA1E48-12B6-4D09-B71D-12105CE24A62}.Release|Any CPU.ActiveCfg = Release|Any CPU
		{27EA1E48-12B6-4D09-B71D-12105CE24A62}.Release|Any CPU.Build.0 = Release|Any CPU
	EndGlobalSection
	GlobalSection(SolutionProperties) = preSolution
		HideSolutionNode = FALSE
	EndGlobalSection
	GlobalSection(ExtensibilityGlobals) = postSolution
		SolutionGuid = {6BC70BA2-F0D9-48E9-83B4-F02609B4D0B3}
	EndGlobalSection
EndGlobal
